
Microsoft Visual Studio Solution File, Format Version 12.00
# Visual Studio 15
VisualStudioVersion = 15.0.27703.2018
MinimumVisualStudioVersion = 10.0.40219.1
Project("{FAE04EC0-301F-11D3-BF4B-00C04F79EFBC}") = "RtlScrollViewFix.Android", "RtlScrollViewFix\RtlScrollViewFix.Android\RtlScrollViewFix.Android.csproj", "{E483E906-15CC-4C94-8CA2-EDB015C9EBCC}"
EndProject
Project("{FAE04EC0-301F-11D3-BF4B-00C04F79EFBC}") = "RtlScrollViewFix", "RtlScrollViewFix\RtlScrollViewFix\RtlScrollViewFix.csproj", "{629863D3-15EE-4059-9FE6-410E34417B9F}"
EndProject
Global
	GlobalSection(SolutionConfigurationPlatforms) = preSolution
		Debug|Any CPU = Debug|Any CPU
		Release|Any CPU = Release|Any CPU
	EndGlobalSection
	GlobalSection(ProjectConfigurationPlatforms) = postSolution
		{E483E906-15CC-4C94-8CA2-EDB015C9EBCC}.Debug|Any CPU.ActiveCfg = Debug|Any CPU
		{E483E906-15CC-4C94-8CA2-EDB015C9EBCC}.Debug|Any CPU.Build.0 = Debug|Any CPU
		{E483E906-15CC-4C94-8CA2-EDB015C9EBCC}.Debug|Any CPU.Deploy.0 = Debug|Any CPU
		{E483E906-15CC-4C94-8CA2-EDB015C9EBCC}.Release|Any CPU.ActiveCfg = Release|Any CPU
		{E483E906-15CC-4C94-8CA2-EDB015C9EBCC}.Release|Any CPU.Build.0 = Release|Any CPU
		{E483E906-15CC-4C94-8CA2-EDB015C9EBCC}.Release|Any CPU.Deploy.0 = Release|Any CPU
		{629863D3-15EE-4059-9FE6-410E34417B9F}.Debug|Any CPU.ActiveCfg = Debug|Any CPU
		{629863D3-15EE-4059-9FE6-410E34417B9F}.Debug|Any CPU.Build.0 = Debug|Any CPU
		{629863D3-15EE-4059-9FE6-410E34417B9F}.Debug|Any CPU.Deploy.0 = Debug|Any CPU
		{629863D3-15EE-4059-9FE6-410E34417B9F}.Release|Any CPU.ActiveCfg = Release|Any CPU
		{629863D3-15EE-4059-9FE6-410E34417B9F}.Release|Any CPU.Build.0 = Release|Any CPU
		{629863D3-15EE-4059-9FE6-410E34417B9F}.Release|Any CPU.Deploy.0 = Release|Any CPU
	EndGlobalSection
	GlobalSection(SolutionProperties) = preSolution
		HideSolutionNode = FALSE
	EndGlobalSection
	GlobalSection(ExtensibilityGlobals) = postSolution
		SolutionGuid = {05AA74F8-FF56-4E69-BA1A-3824671B8326}
	EndGlobalSection
EndGlobal
